
Microsoft Visual Studio Solution File, Format Version 12.00
# Visual Studio 15
VisualStudioVersion = 15.0.27428.2015
MinimumVisualStudioVersion = 10.0.40219.1
Project("{2150E333-8FDC-42A3-9474-1A3956D46DE8}") = "1-PT-br", "1-PT-br", "{9820AE47-1CD8-491A-B1AC-F06DD3AB4479}"
EndProject
Project("{FAE04EC0-301F-11D3-BF4B-00C04F79EFBC}") = "ValueObjects.PT-br", "src\ValueObjects.PT-br\ValueObjects.PT-br.csproj", "{45303110-4F2A-43B1-8CEF-716F7D1EC443}"
EndProject
Project("{FAE04EC0-301F-11D3-BF4B-00C04F79EFBC}") = "ValueObjects.PT-br.Testes", "ValueObjects.PT-br.Testes\ValueObjects.PT-br.Testes.csproj", "{BA836947-0B28-464D-9937-9D9B60D4F5C1}"
EndProject
Global
	GlobalSection(SolutionConfigurationPlatforms) = preSolution
		Debug|Any CPU = Debug|Any CPU
		Release|Any CPU = Release|Any CPU
	EndGlobalSection
	GlobalSection(ProjectConfigurationPlatforms) = postSolution
		{45303110-4F2A-43B1-8CEF-716F7D1EC443}.Debug|Any CPU.ActiveCfg = Debug|Any CPU
		{45303110-4F2A-43B1-8CEF-716F7D1EC443}.Debug|Any CPU.Build.0 = Debug|Any CPU
		{45303110-4F2A-43B1-8CEF-716F7D1EC443}.Release|Any CPU.ActiveCfg = Release|Any CPU
		{45303110-4F2A-43B1-8CEF-716F7D1EC443}.Release|Any CPU.Build.0 = Release|Any CPU
		{BA836947-0B28-464D-9937-9D9B60D4F5C1}.Debug|Any CPU.ActiveCfg = Debug|Any CPU
		{BA836947-0B28-464D-9937-9D9B60D4F5C1}.Debug|Any CPU.Build.0 = Debug|Any CPU
		{BA836947-0B28-464D-9937-9D9B60D4F5C1}.Release|Any CPU.ActiveCfg = Release|Any CPU
		{BA836947-0B28-464D-9937-9D9B60D4F5C1}.Release|Any CPU.Build.0 = Release|Any CPU
	EndGlobalSection
	GlobalSection(SolutionProperties) = preSolution
		HideSolutionNode = FALSE
	EndGlobalSection
	GlobalSection(NestedProjects) = preSolution
		{45303110-4F2A-43B1-8CEF-716F7D1EC443} = {9820AE47-1CD8-491A-B1AC-F06DD3AB4479}
		{BA836947-0B28-464D-9937-9D9B60D4F5C1} = {9820AE47-1CD8-491A-B1AC-F06DD3AB4479}
	EndGlobalSection
	GlobalSection(ExtensibilityGlobals) = postSolution
		SolutionGuid = {90058D05-3C91-4CA4-87E2-9FB5FB97312B}
	EndGlobalSection
EndGlobal
